
Microsoft Visual Studio Solution File, Format Version 12.00
# Visual Studio Version 17
VisualStudioVersion = 17.7.33913.275
MinimumVisualStudioVersion = 10.0.40219.1
Project("{FAE04EC0-301F-11D3-BF4B-00C04F79EFBC}") = "SecurityDemo", "SecurityDemo\SecurityDemo.csproj", "{3A7052E1-BE80-4920-9384-D40FC1680AFB}"
EndProject
Global
	GlobalSection(SolutionConfigurationPlatforms) = preSolution
		Debug|Any CPU = Debug|Any CPU
		Release|Any CPU = Release|Any CPU
	EndGlobalSection
	GlobalSection(ProjectConfigurationPlatforms) = postSolution
		{3A7052E1-BE80-4920-9384-D40FC1680AFB}.Debug|Any CPU.ActiveCfg = Debug|Any CPU
		{3A7052E1-BE80-4920-9384-D40FC1680AFB}.Debug|Any CPU.Build.0 = Debug|Any CPU
		{3A7052E1-BE80-4920-9384-D40FC1680AFB}.Release|Any CPU.ActiveCfg = Release|Any CPU
		{3A7052E1-BE80-4920-9384-D40FC1680AFB}.Release|Any CPU.Build.0 = Release|Any CPU
	EndGlobalSection
	GlobalSection(SolutionProperties) = preSolution
		HideSolutionNode = FALSE
	EndGlobalSection
	GlobalSection(ExtensibilityGlobals) = postSolution
		SolutionGuid = {B1CF6573-6BDE-4A96-8338-3410B479935C}
	EndGlobalSection
EndGlobal
